
Microsoft Visual Studio Solution File, Format Version 12.00
# Visual Studio Version 16
VisualStudioVersion = 16.0.30621.155
MinimumVisualStudioVersion = 10.0.40219.1
Project("{FAE04EC0-301F-11D3-BF4B-00C04F79EFBC}") = "ShareClient", "ShareClient\ShareClient.csproj", "{D8BA4526-6F0F-4F47-8D3C-D191EE4B3326}"
EndProject
Project("{FAE04EC0-301F-11D3-BF4B-00C04F79EFBC}") = "ShareClientTest", "ShareClientTest\ShareClientTest.csproj", "{174F3986-CC87-4AB0-B267-1303E0F44C53}"
EndProject
Project("{FAE04EC0-301F-11D3-BF4B-00C04F79EFBC}") = "ShareClientForm", "ShareClientForm\ShareClientForm.csproj", "{603F5419-F583-460F-BE6E-1E0286982E38}"
EndProject
Global
	GlobalSection(SolutionConfigurationPlatforms) = preSolution
		Debug|Any CPU = Debug|Any CPU
		Release|Any CPU = Release|Any CPU
	EndGlobalSection
	GlobalSection(ProjectConfigurationPlatforms) = postSolution
		{D8BA4526-6F0F-4F47-8D3C-D191EE4B3326}.Debug|Any CPU.ActiveCfg = Debug|Any CPU
		{D8BA4526-6F0F-4F47-8D3C-D191EE4B3326}.Debug|Any CPU.Build.0 = Debug|Any CPU
		{D8BA4526-6F0F-4F47-8D3C-D191EE4B3326}.Release|Any CPU.ActiveCfg = Release|Any CPU
		{D8BA4526-6F0F-4F47-8D3C-D191EE4B3326}.Release|Any CPU.Build.0 = Release|Any CPU
		{174F3986-CC87-4AB0-B267-1303E0F44C53}.Debug|Any CPU.ActiveCfg = Debug|Any CPU
		{174F3986-CC87-4AB0-B267-1303E0F44C53}.Debug|Any CPU.Build.0 = Debug|Any CPU
		{174F3986-CC87-4AB0-B267-1303E0F44C53}.Release|Any CPU.ActiveCfg = Release|Any CPU
		{174F3986-CC87-4AB0-B267-1303E0F44C53}.Release|Any CPU.Build.0 = Release|Any CPU
		{603F5419-F583-460F-BE6E-1E0286982E38}.Debug|Any CPU.ActiveCfg = Debug|Any CPU
		{603F5419-F583-460F-BE6E-1E0286982E38}.Debug|Any CPU.Build.0 = Debug|Any CPU
		{603F5419-F583-460F-BE6E-1E0286982E38}.Release|Any CPU.ActiveCfg = Release|Any CPU
		{603F5419-F583-460F-BE6E-1E0286982E38}.Release|Any CPU.Build.0 = Release|Any CPU
	EndGlobalSection
	GlobalSection(SolutionProperties) = preSolution
		HideSolutionNode = FALSE
	EndGlobalSection
	GlobalSection(ExtensibilityGlobals) = postSolution
		SolutionGuid = {9016B126-36A7-4943-B3A8-929BD7B63247}
	EndGlobalSection
EndGlobal
